# This file is automatically @generated by Poetry 1.8.3 and should not be changed by hand.

[[package]]
name = "zhtelecode"
version = "0.1.0"
description = "Convert between Chinese Telegraph Codes and Unicode Chinese characters."
optional = false
python-versions = ">=3.6"
files = [
    {file = "zhtelecode-0.1.0.tar.gz", hash = "sha256:78fbe20975bb3a5803866fdf2b1996cdaa1baacfd3aaeb9a5ac561cb0f6336df"},
]

[metadata]
lock-version = "2.0"
python-versions = "^3.12"
content-hash = "462491ec3c8de631f6b05f86c1729678e9c96f1c1b049d218705dc7b6930495d"
